
Microsoft Visual Studio Solution File, Format Version 12.00
# Visual Studio Version 17
VisualStudioVersion = 17.9.34902.65
MinimumVisualStudioVersion = 10.0.40219.1
Project("{FAE04EC0-301F-11D3-BF4B-00C04F79EFBC}") = "MauiMacOSStorageIssue", "MauiMacOSStorageIssue\MauiMacOSStorageIssue.csproj", "{BAC881DE-66A4-4816-8C76-6E824F557127}"
EndProject
Project("{9A19103F-16F7-4668-BE54-9A1E7A4F7556}") = "MauiSettings", "..\..\..\Documents\GitHub\MauiSettings\src\MauiSettings\MauiSettings.csproj", "{7B3A6049-BD2F-4447-810A-3173C5ADECB6}"
EndProject
Global
	GlobalSection(SolutionConfigurationPlatforms) = preSolution
		Debug|Any CPU = Debug|Any CPU
		Release|Any CPU = Release|Any CPU
	EndGlobalSection
	GlobalSection(ProjectConfigurationPlatforms) = postSolution
		{BAC881DE-66A4-4816-8C76-6E824F557127}.Debug|Any CPU.ActiveCfg = Debug|Any CPU
		{BAC881DE-66A4-4816-8C76-6E824F557127}.Debug|Any CPU.Build.0 = Debug|Any CPU
		{BAC881DE-66A4-4816-8C76-6E824F557127}.Debug|Any CPU.Deploy.0 = Debug|Any CPU
		{BAC881DE-66A4-4816-8C76-6E824F557127}.Release|Any CPU.ActiveCfg = Release|Any CPU
		{BAC881DE-66A4-4816-8C76-6E824F557127}.Release|Any CPU.Build.0 = Release|Any CPU
		{BAC881DE-66A4-4816-8C76-6E824F557127}.Release|Any CPU.Deploy.0 = Release|Any CPU
		{7B3A6049-BD2F-4447-810A-3173C5ADECB6}.Debug|Any CPU.ActiveCfg = Debug|Any CPU
		{7B3A6049-BD2F-4447-810A-3173C5ADECB6}.Debug|Any CPU.Build.0 = Debug|Any CPU
		{7B3A6049-BD2F-4447-810A-3173C5ADECB6}.Release|Any CPU.ActiveCfg = Release|Any CPU
		{7B3A6049-BD2F-4447-810A-3173C5ADECB6}.Release|Any CPU.Build.0 = Release|Any CPU
	EndGlobalSection
	GlobalSection(SolutionProperties) = preSolution
		HideSolutionNode = FALSE
	EndGlobalSection
	GlobalSection(ExtensibilityGlobals) = postSolution
		SolutionGuid = {421C094F-E69F-4C3C-8DED-6357B4CE1416}
	EndGlobalSection
EndGlobal
